// !$*UTF8*$!
{
	archiveVersion = 1;
	classes = {
	};
	objectVersion = 50;
	objects = {

/* Begin PBXBuildFile section */
		A201BBD226752C1D0097691A /* SplitBillViewController.swift in Sources */ = {isa = PBXBuildFile; fileRef = A201BBD126752C1D0097691A /* SplitBillViewController.swift */; };
		A25FACE52661334700FC9D74 /* AppDelegate.swift in Sources */ = {isa = PBXBuildFile; fileRef = A25FACE42661334700FC9D74 /* AppDelegate.swift */; };
		A25FACE72661334700FC9D74 /* SceneDelegate.swift in Sources */ = {isa = PBXBuildFile; fileRef = A25FACE62661334700FC9D74 /* SceneDelegate.swift */; };
		A25FACE92661334700FC9D74 /* ViewController.swift in Sources */ = {isa = PBXBuildFile; fileRef = A25FACE82661334700FC9D74 /* ViewController.swift */; };
		A25FACEC2661334700FC9D74 /* Main.storyboard in Resources */ = {isa = PBXBuildFile; fileRef = A25FACEA2661334700FC9D74 /* Main.storyboard */; };
		A25FACEE2661334800FC9D74 /* Assets.xcassets in Resources */ = {isa = PBXBuildFile; fileRef = A25FACED2661334800FC9D74 /* Assets.xcassets */; };
		A25FACF12661334800FC9D74 /* LaunchScreen.storyboard in Resources */ = {isa = PBXBuildFile; fileRef = A25FACEF2661334800FC9D74 /* LaunchScreen.storyboard */; };
		A25FACFC2661334800FC9D74 /* TipulatorTests.swift in Sources */ = {isa = PBXBuildFile; fileRef = A25FACFB2661334800FC9D74 /* TipulatorTests.swift */; };
		A25FAD072661334800FC9D74 /* TipulatorUITests.swift in Sources */ = {isa = PBXBuildFile; fileRef = A25FAD062661334800FC9D74 /* TipulatorUITests.swift */; };
/* End PBXBuildFile section */

/* Begin PBXContainerItemProxy section */
		A25FACF82661334800FC9D74 /* PBXContainerItemProxy */ = {
			isa = PBXContainerItemProxy;
			containerPortal = A25FACD92661334700FC9D74 /* Project object */;
			proxyType = 1;
			remoteGlobalIDString = A25FACE02661334700FC9D74;
			remoteInfo = Tipulator;
		};
		A25FAD032661334800FC9D74 /* PBXContainerItemProxy */ = {
			isa = PBXContainerItemProxy;
			containerPortal = A25FACD92661334700FC9D74 /* Project object */;
			proxyType = 1;
			remoteGlobalIDString = A25FACE02661334700FC9D74;
			remoteInfo = Tipulator;
		};
/* End PBXContainerItemProxy section */

/* Begin PBXFileReference section */
		A201BBD126752C1D0097691A /* SplitBillViewController.swift */ = {isa = PBXFileReference; lastKnownFileType = sourcecode.swift; path = SplitBillViewController.swift; sourceTree = "<group>"; };
		A25FACE12661334700FC9D74 /* Tipulator.app */ = {isa = PBXFileReference; explicitFileType = wrapper.application; includeInIndex = 0; path = Tipulator.app; sourceTree = BUILT_PRODUCTS_DIR; };
		A25FACE42661334700FC9D74 /* AppDelegate.swift */ = {isa = PBXFileReference; lastKnownFileType = sourcecode.swift; path = AppDelegate.swift; sourceTree = "<group>"; };
		A25FACE62661334700FC9D74 /* SceneDelegate.swift */ = {isa = PBXFileReference; lastKnownFileType = sourcecode.swift; path = SceneDelegate.swift; sourceTree = "<group>"; };
		A25FACE82661334700FC9D74 /* ViewController.swift */ = {isa = PBXFileReference; lastKnownFileType = sourcecode.swift; path = ViewController.swift; sourceTree = "<group>"; };
		A25FACEB2661334700FC9D74 /* Base */ = {isa = PBXFileReference; lastKnownFileType = file.storyboard; name = Base; path = Base.lproj/Main.storyboard; sourceTree = "<group>"; };
		A25FACED2661334800FC9D74 /* Assets.xcassets */ = {isa = PBXFileReference; lastKnownFileType = folder.assetcatalog; path = Assets.xcassets; sourceTree = "<group>"; };
		A25FACF02661334800FC9D74 /* Base */ = {isa = PBXFileReference; lastKnownFileType = file.storyboard; name = Base; path = Base.lproj/LaunchScreen.storyboard; sourceTree = "<group>"; };
		A25FACF22661334800FC9D74 /* Info.plist */ = {isa = PBXFileReference; lastKnownFileType = text.plist.xml; path = Info.plist; sourceTree = "<group>"; };
		A25FACF72661334800FC9D74 /* TipulatorTests.xctest */ = {isa = PBXFileReference; explicitFileType = wrapper.cfbundle; includeInIndex = 0; path = TipulatorTests.xctest; sourceTree = BUILT_PRODUCTS_DIR; };
		A25FACFB2661334800FC9D74 /* TipulatorTests.swift */ = {isa = PBXFileReference; lastKnownFileType = sourcecode.swift; path = TipulatorTests.swift; sourceTree = "<group>"; };
		A25FACFD2661334800FC9D74 /* Info.plist */ = {isa = PBXFileReference; lastKnownFileType = text.plist.xml; path = Info.plist; sourceTree = "<group>"; };
		A25FAD022661334800FC9D74 /* TipulatorUITests.xctest */ = {isa = PBXFileReference; explicitFileType = wrapper.cfbundle; includeInIndex = 0; path = TipulatorUITests.xctest; sourceTree = BUILT_PRODUCTS_DIR; };
		A25FAD062661334800FC9D74 /* TipulatorUITests.swift */ = {isa = PBXFileReference; lastKnownFileType = sourcecode.swift; path = TipulatorUITests.swift; sourceTree = "<group>"; };
		A25FAD082661334800FC9D74 /* Info.plist */ = {isa = PBXFileReference; lastKnownFileType = text.plist.xml; path = Info.plist; sourceTree = "<group>"; };
/* End PBXFileReference section */

/* Begin PBXFrameworksBuildPhase section */
		A25FACDE2661334700FC9D74 /* Frameworks */ = {
			isa = PBXFrameworksBuildPhase;
			buildActionMask = 2147483647;
			files = (
			);
			runOnlyForDeploymentPostprocessing = 0;
		};
		A25FACF42661334800FC9D74 /* Frameworks */ = {
			isa = PBXFrameworksBuildPhase;
			buildActionMask = 2147483647;
			files = (
			);
			runOnlyForDeploymentPostprocessing = 0;
		};
		A25FACFF2661334800FC9D74 /* Frameworks */ = {
			isa = PBXFrameworksBuildPhase;
			buildActionMask = 2147483647;
			files = (
			);
			runOnlyForDeploymentPostprocessing = 0;
		};
/* End PBXFrameworksBuildPhase section */

/* Begin PBXGroup section */
		A25FACD82661334700FC9D74 = {
			isa = PBXGroup;
			children = (
				A25FACE32661334700FC9D74 /* Tipulator */,
				A25FACFA2661334800FC9D74 /* TipulatorTests */,
				A25FAD052661334800FC9D74 /* TipulatorUITests */,
				A25FACE22661334700FC9D74 /* Products */,
			);
			sourceTree = "<group>";
		};
		A25FACE22661334700FC9D74 /* Products */ = {
			isa = PBXGroup;
			children = (
				A25FACE12661334700FC9D74 /* Tipulator.app */,
				A25FACF72661334800FC9D74 /* TipulatorTests.xctest */,
				A25FAD022661334800FC9D74 /* TipulatorUITests.xctest */,
			);
			name = Products;
			sourceTree = "<group>";
		};
		A25FACE32661334700FC9D74 /* Tipulator */ = {
			isa = PBXGroup;
			children = (
				A25FACE42661334700FC9D74 /* AppDelegate.swift */,
				A25FACE62661334700FC9D74 /* SceneDelegate.swift */,
				A25FACE82661334700FC9D74 /* ViewController.swift */,
				A201BBD126752C1D0097691A /* SplitBillViewController.swift */,
				A25FACEA2661334700FC9D74 /* Main.storyboard */,
				A25FACED2661334800FC9D74 /* Assets.xcassets */,
				A25FACEF2661334800FC9D74 /* LaunchScreen.storyboard */,
				A25FACF22661334800FC9D74 /* Info.plist */,
			);
			path = Tipulator;
			sourceTree = "<group>";
		};
		A25FACFA2661334800FC9D74 /* TipulatorTests */ = {
			isa = PBXGroup;
			children = (
				A25FACFB2661334800FC9D74 /* TipulatorTests.swift */,
				A25FACFD2661334800FC9D74 /* Info.plist */,
			);
			path = TipulatorTests;
			sourceTree = "<group>";
		};
		A25FAD052661334800FC9D74 /* TipulatorUITests */ = {
			isa = PBXGroup;
			children = (
				A25FAD062661334800FC9D74 /* TipulatorUITests.swift */,
				A25FAD082661334800FC9D74 /* Info.plist */,
			);
			path = TipulatorUITests;
			sourceTree = "<group>";
		};
/* End PBXGroup section */

/* Begin PBXNativeTarget section */
		A25FACE02661334700FC9D74 /* Tipulator */ = {
			isa = PBXNativeTarget;
			buildConfigurationList = A25FAD0B2661334800FC9D74 /* Build configuration list for PBXNativeTarget "Tipulator" */;
			buildPhases = (
				A25FACDD2661334700FC9D74 /* Sources */,
				A25FACDE2661334700FC9D74 /* Frameworks */,
				A25FACDF2661334700FC9D74 /* Resources */,
			);
			buildRules = (
			);
			dependencies = (
			);
			name = Tipulator;
			productName = Tipulator;
			productReference = A25FACE12661334700FC9D74 /* Tipulator.app */;
			productType = "com.apple.product-type.application";
		};
		A25FACF62661334800FC9D74 /* TipulatorTests */ = {
			isa = PBXNativeTarget;
			buildConfigurationList = A25FAD0E2661334800FC9D74 /* Build configuration list for PBXNativeTarget "TipulatorTests" */;
			buildPhases = (
				A25FACF32661334800FC9D74 /* Sources */,
				A25FACF42661334800FC9D74 /* Frameworks */,
				A25FACF52661334800FC9D74 /* Resources */,
			);
			buildRules = (
			);
			dependencies = (
				A25FACF92661334800FC9D74 /* PBXTargetDependency */,
			);
			name = TipulatorTests;
			productName = TipulatorTests;
			productReference = A25FACF72661334800FC9D74 /* TipulatorTests.xctest */;
			productType = "com.apple.product-type.bundle.unit-test";
		};
		A25FAD012661334800FC9D74 /* TipulatorUITests */ = {
			isa = PBXNativeTarget;
			buildConfigurationList = A25FAD112661334800FC9D74 /* Build configuration list for PBXNativeTarget "TipulatorUITests" */;
			buildPhases = (
				A25FACFE2661334800FC9D74 /* Sources */,
				A25FACFF2661334800FC9D74 /* Frameworks */,
				A25FAD002661334800FC9D74 /* Resources */,
			);
			buildRules = (
			);
			dependencies = (
				A25FAD042661334800FC9D74 /* PBXTargetDependency */,
			);
			name = TipulatorUITests;
			productName = TipulatorUITests;
			productReference = A25FAD022661334800FC9D74 /* TipulatorUITests.xctest */;
			productType = "com.apple.product-type.bundle.ui-testing";
		};
/* End PBXNativeTarget section */

/* Begin PBXProject section */
		A25FACD92661334700FC9D74 /* Project object */ = {
			isa = PBXProject;
			attributes = {
				LastSwiftUpdateCheck = 1250;
				LastUpgradeCheck = 1250;
				TargetAttributes = {
					A25FACE02661334700FC9D74 = {
						CreatedOnToolsVersion = 12.5;
					};
					A25FACF62661334800FC9D74 = {
						CreatedOnToolsVersion = 12.5;
						TestTargetID = A25FACE02661334700FC9D74;
					};
					A25FAD012661334800FC9D74 = {
						CreatedOnToolsVersion = 12.5;
						TestTargetID = A25FACE02661334700FC9D74;
					};
				};
			};
			buildConfigurationList = A25FACDC2661334700FC9D74 /* Build configuration list for PBXProject "Tipulator" */;
			compatibilityVersion = "Xcode 9.3";
			developmentRegion = en;
			hasScannedForEncodings = 0;
			knownRegions = (
				en,
				Base,
			);
			mainGroup = A25FACD82661334700FC9D74;
			productRefGroup = A25FACE22661334700FC9D74 /* Products */;
			projectDirPath = "";
			projectRoot = "";
			targets = (
				A25FACE02661334700FC9D74 /* Tipulator */,
				A25FACF62661334800FC9D74 /* TipulatorTests */,
				A25FAD012661334800FC9D74 /* TipulatorUITests */,
			);
		};
/* End PBXProject section */

/* Begin PBXResourcesBuildPhase section */
		A25FACDF2661334700FC9D74 /* Resources */ = {
			isa = PBXResourcesBuildPhase;
			buildActionMask = 2147483647;
			files = (
				A25FACF12661334800FC9D74 /* LaunchScreen.storyboard in Resources */,
				A25FACEE2661334800FC9D74 /* Assets.xcassets in Resources */,
				A25FACEC2661334700FC9D74 /* Main.storyboard in Resources */,
			);
			runOnlyForDeploymentPostprocessing = 0;
		};
		A25FACF52661334800FC9D74 /* Resources */ = {
			isa = PBXResourcesBuildPhase;
			buildActionMask = 2147483647;
			files = (
			);
			runOnlyForDeploymentPostprocessing = 0;
		};
		A25FAD002661334800FC9D74 /* Resources */ = {
			isa = PBXResourcesBuildPhase;
			buildActionMask = 2147483647;
			files = (
			);
			runOnlyForDeploymentPostprocessing = 0;
		};
/* End PBXResourcesBuildPhase section */

/* Begin PBXSourcesBuildPhase section */
		A25FACDD2661334700FC9D74 /* Sources */ = {
			isa = PBXSourcesBuildPhase;
			buildActionMask = 2147483647;
			files = (
				A25FACE92661334700FC9D74 /* ViewController.swift in Sources */,
				A25FACE52661334700FC9D74 /* AppDelegate.swift in Sources */,
				A201BBD226752C1D0097691A /* SplitBillViewController.swift in Sources */,
				A25FACE72661334700FC9D74 /* SceneDelegate.swift in Sources */,
			);
			runOnlyForDeploymentPostprocessing = 0;
		};
		A25FACF32661334800FC9D74 /* Sources */ = {
			isa = PBXSourcesBuildPhase;
			buildActionMask = 2147483647;
			files = (
				A25FACFC2661334800FC9D74 /* TipulatorTests.swift in Sources */,
			);
			runOnlyForDeploymentPostprocessing = 0;
		};
		A25FACFE2661334800FC9D74 /* Sources */ = {
			isa = PBXSourcesBuildPhase;
			buildActionMask = 2147483647;
			files = (
				A25FAD072661334800FC9D74 /* TipulatorUITests.swift in Sources */,
			);
			runOnlyForDeploymentPostprocessing = 0;
		};
/* End PBXSourcesBuildPhase section */

/* Begin PBXTargetDependency section */
		A25FACF92661334800FC9D74 /* PBXTargetDependency */ = {
			isa = PBXTargetDependency;
			target = A25FACE02661334700FC9D74 /* Tipulator */;
			targetProxy = A25FACF82661334800FC9D74 /* PBXContainerItemProxy */;
		};
		A25FAD042661334800FC9D74 /* PBXTargetDependency */ = {
			isa = PBXTargetDependency;
			target = A25FACE02661334700FC9D74 /* Tipulator */;
			targetProxy = A25FAD032661334800FC9D74 /* PBXContainerItemProxy */;
		};
/* End PBXTargetDependency section */

/* Begin PBXVariantGroup section */
		A25FACEA2661334700FC9D74 /* Main.storyboard */ = {
			isa = PBXVariantGroup;
			children = (
				A25FACEB2661334700FC9D74 /* Base */,
			);
			name = Main.storyboard;
			sourceTree = "<group>";
		};
		A25FACEF2661334800FC9D74 /* LaunchScreen.storyboard */ = {
			isa = PBXVariantGroup;
			children = (
				A25FACF02661334800FC9D74 /* Base */,
			);
			name = LaunchScreen.storyboard;
			sourceTree = "<group>";
		};
/* End PBXVariantGroup section */

/* Begin XCBuildConfiguration section */
		A25FAD092661334800FC9D74 /* Debug */ = {
			isa = XCBuildConfiguration;
			buildSettings = {
				ALWAYS_SEARCH_USER_PATHS = NO;
				CLANG_ANALYZER_NONNULL = YES;
				CLANG_ANALYZER_NUMBER_OBJECT_CONVERSION = YES_AGGRESSIVE;
				CLANG_CXX_LANGUAGE_STANDARD = "gnu++14";
				CLANG_CXX_LIBRARY = "libc++";
				CLANG_ENABLE_MODULES = YES;
				CLANG_ENABLE_OBJC_ARC = YES;
				CLANG_ENABLE_OBJC_WEAK = YES;
				CLANG_WARN_BLOCK_CAPTURE_AUTORELEASING = YES;
				CLANG_WARN_BOOL_CONVERSION = YES;
				CLANG_WARN_COMMA = YES;
				CLANG_WARN_CONSTANT_CONVERSION = YES;
				CLANG_WARN_DEPRECATED_OBJC_IMPLEMENTATIONS = YES;
				CLANG_WARN_DIRECT_OBJC_ISA_USAGE = YES_ERROR;
				CLANG_WARN_DOCUMENTATION_COMMENTS = YES;
				CLANG_WARN_EMPTY_BODY = YES;
				CLANG_WARN_ENUM_CONVERSION = YES;
				CLANG_WARN_INFINITE_RECURSION = YES;
				CLANG_WARN_INT_CONVERSION = YES;
				CLANG_WARN_NON_LITERAL_NULL_CONVERSION = YES;
				CLANG_WARN_OBJC_IMPLICIT_RETAIN_SELF = YES;
				CLANG_WARN_OBJC_LITERAL_CONVERSION = YES;
				CLANG_WARN_OBJC_ROOT_CLASS = YES_ERROR;
				CLANG_WARN_QUOTED_INCLUDE_IN_FRAMEWORK_HEADER = YES;
				CLANG_WARN_RANGE_LOOP_ANALYSIS = YES;
				CLANG_WARN_STRICT_PROTOTYPES = YES;
				CLANG_WARN_SUSPICIOUS_MOVE = YES;
				CLANG_WARN_UNGUARDED_AVAILABILITY = YES_AGGRESSIVE;
				CLANG_WARN_UNREACHABLE_CODE = YES;
				CLANG_WARN__DUPLICATE_METHOD_MATCH = YES;
				COPY_PHASE_STRIP = NO;
				DEBUG_INFORMATION_FORMAT = dwarf;
				ENABLE_STRICT_OBJC_MSGSEND = YES;
				ENABLE_TESTABILITY = YES;
				GCC_C_LANGUAGE_STANDARD = gnu11;
				GCC_DYNAMIC_NO_PIC = NO;
				GCC_NO_COMMON_BLOCKS = YES;
				GCC_OPTIMIZATION_LEVEL = 0;
				GCC_PREPROCESSOR_DEFINITIONS = (
					"DEBUG=1",
					"$(inherited)",
				);
				GCC_WARN_64_TO_32_BIT_CONVERSION = YES;
				GCC_WARN_ABOUT_RETURN_TYPE = YES_ERROR;
				GCC_WARN_UNDECLARED_SELECTOR = YES;
				GCC_WARN_UNINITIALIZED_AUTOS = YES_AGGRESSIVE;
				GCC_WARN_UNUSED_FUNCTION = YES;
				GCC_WARN_UNUSED_VARIABLE = YES;
				IPHONEOS_DEPLOYMENT_TARGET = 14.5;
				MTL_ENABLE_DEBUG_INFO = INCLUDE_SOURCE;
				MTL_FAST_MATH = YES;
				ONLY_ACTIVE_ARCH = YES;
				SDKROOT = iphoneos;
				SWIFT_ACTIVE_COMPILATION_CONDITIONS = DEBUG;
				SWIFT_OPTIMIZATION_LEVEL = "-Onone";
			};
			name = Debug;
		};
		A25FAD0A2661334800FC9D74 /* Release */ = {
			isa = XCBuildConfiguration;
			buildSettings = {
				ALWAYS_SEARCH_USER_PATHS = NO;
				CLANG_ANALYZER_NONNULL = YES;
				CLANG_ANALYZER_NUMBER_OBJECT_CONVERSION = YES_AGGRESSIVE;
				CLANG_CXX_LANGUAGE_STANDARD = "gnu++14";
				CLANG_CXX_LIBRARY = "libc++";
				CLANG_ENABLE_MODULES = YES;
				CLANG_ENABLE_OBJC_ARC = YES;
				CLANG_ENABLE_OBJC_WEAK = YES;
				CLANG_WARN_BLOCK_CAPTURE_AUTORELEASING = YES;
				CLANG_WARN_BOOL_CONVERSION = YES;
				CLANG_WARN_COMMA = YES;
				CLANG_WARN_CONSTANT_CONVERSION = YES;
				CLANG_WARN_DEPRECATED_OBJC_IMPLEMENTATIONS = YES;
				CLANG_WARN_DIRECT_OBJC_ISA_USAGE = YES_ERROR;
				CLANG_WARN_DOCUMENTATION_COMMENTS = YES;
				CLANG_WARN_EMPTY_BODY = YES;
				CLANG_WARN_ENUM_CONVERSION = YES;
				CLANG_WARN_INFINITE_RECURSION = YES;
				CLANG_WARN_INT_CONVERSION = YES;
				CLANG_WARN_NON_LITERAL_NULL_CONVERSION = YES;
				CLANG_WARN_OBJC_IMPLICIT_RETAIN_SELF = YES;
				CLANG_WARN_OBJC_LITERAL_CONVERSION = YES;
				CLANG_WARN_OBJC_ROOT_CLASS = YES_ERROR;
				CLANG_WARN_QUOTED_INCLUDE_IN_FRAMEWORK_HEADER = YES;
				CLANG_WARN_RANGE_LOOP_ANALYSIS = YES;
				CLANG_WARN_STRICT_PROTOTYPES = YES;
				CLANG_WARN_SUSPICIOUS_MOVE = YES;
				CLANG_WARN_UNGUARDED_AVAILABILITY = YES_AGGRESSIVE;
				CLANG_WARN_UNREACHABLE_CODE = YES;
				CLANG_WARN__DUPLICATE_METHOD_MATCH = YES;
				COPY_PHASE_STRIP = NO;
				DEBUG_INFORMATION_FORMAT = "dwarf-with-dsym";
				ENABLE_NS_ASSERTIONS = NO;
				ENABLE_STRICT_OBJC_MSGSEND = YES;
				GCC_C_LANGUAGE_STANDARD = gnu11;
				GCC_NO_COMMON_BLOCKS = YES;
				GCC_WARN_64_TO_32_BIT_CONVERSION = YES;
				GCC_WARN_ABOUT_RETURN_TYPE = YES_ERROR;
				GCC_WARN_UNDECLARED_SELECTOR = YES;
				GCC_WARN_UNINITIALIZED_AUTOS = YES_AGGRESSIVE;
				GCC_WARN_UNUSED_FUNCTION = YES;
				GCC_WARN_UNUSED_VARIABLE = YES;
				IPHONEOS_DEPLOYMENT_TARGET = 14.5;
				MTL_ENABLE_DEBUG_INFO = NO;
				MTL_FAST_MATH = YES;
				SDKROOT = iphoneos;
				SWIFT_COMPILATION_MODE = wholemodule;
				SWIFT_OPTIMIZATION_LEVEL = "-O";
				VALIDATE_PRODUCT = YES;
			};
			name = Release;
		};
		A25FAD0C2661334800FC9D74 /* Debug */ = {
			isa = XCBuildConfiguration;
			buildSettings = {
				ASSETCATALOG_COMPILER_APPICON_NAME = AppIcon;
				ASSETCATALOG_COMPILER_GLOBAL_ACCENT_COLOR_NAME = AccentColor;
				CODE_SIGN_STYLE = Automatic;
				CURRENT_PROJECT_VERSION = 1;
				DEVELOPMENT_TEAM = PQ99VWJBK3;
				INFOPLIST_FILE = Tipulator/Info.plist;
				LD_RUNPATH_SEARCH_PATHS = (
					"$(inherited)",
					"@executable_path/Frameworks",
				);
				MARKETING_VERSION = 1.5;
				PRODUCT_BUNDLE_IDENTIFIER = com.brior.us.Tipulator;
				PRODUCT_NAME = "$(TARGET_NAME)";
				SWIFT_VERSION = 5.0;
				TARGETED_DEVICE_FAMILY = 1;
			};
			name = Debug;
		};
		A25FAD0D2661334800FC9D74 /* Release */ = {
			isa = XCBuildConfiguration;
			buildSettings = {
				ASSETCATALOG_COMPILER_APPICON_NAME = AppIcon;
				ASSETCATALOG_COMPILER_GLOBAL_ACCENT_COLOR_NAME = AccentColor;
				CODE_SIGN_STYLE = Automatic;
				CURRENT_PROJECT_VERSION = 1;
				DEVELOPMENT_TEAM = PQ99VWJBK3;
				INFOPLIST_FILE = Tipulator/Info.plist;
				LD_RUNPATH_SEARCH_PATHS = (
					"$(inherited)",
					"@executable_path/Frameworks",
				);
				MARKETING_VERSION = 1.5;
				PRODUCT_BUNDLE_IDENTIFIER = com.brior.us.Tipulator;
				PRODUCT_NAME = "$(TARGET_NAME)";
				SWIFT_VERSION = 5.0;
				TARGETED_DEVICE_FAMILY = 1;
			};
			name = Release;
		};
		A25FAD0F2661334800FC9D74 /* Debug */ = {
			isa = XCBuildConfiguration;
			buildSettings = {
				ALWAYS_EMBED_SWIFT_STANDARD_LIBRARIES = YES;
				BUNDLE_LOADER = "$(TEST_HOST)";
				CODE_SIGN_STYLE = Automatic;
				DEVELOPMENT_TEAM = PQ99VWJBK3;
				INFOPLIST_FILE = TipulatorTests/Info.plist;
				IPHONEOS_DEPLOYMENT_TARGET = 14.5;
				LD_RUNPATH_SEARCH_PATHS = (
					"$(inherited)",
					"@executable_path/Frameworks",
					"@loader_path/Frameworks",
				);
				PRODUCT_BUNDLE_IDENTIFIER = com.brior.us.TipulatorTests;
				PRODUCT_NAME = "$(TARGET_NAME)";
				SWIFT_VERSION = 5.0;
				TARGETED_DEVICE_FAMILY = "1,2";
				TEST_HOST = "$(BUILT_PRODUCTS_DIR)/Tipulator.app/Tipulator";
			};
			name = Debug;
		};
		A25FAD102661334800FC9D74 /* Release */ = {
			isa = XCBuildConfiguration;
			buildSettings = {
				ALWAYS_EMBED_SWIFT_STANDARD_LIBRARIES = YES;
				BUNDLE_LOADER = "$(TEST_HOST)";
				CODE_SIGN_STYLE = Automatic;
				DEVELOPMENT_TEAM = PQ99VWJBK3;
				INFOPLIST_FILE = TipulatorTests/Info.plist;
				IPHONEOS_DEPLOYMENT_TARGET = 14.5;
				LD_RUNPATH_SEARCH_PATHS = (
					"$(inherited)",
					"@executable_path/Frameworks",
					"@loader_path/Frameworks",
				);
				PRODUCT_BUNDLE_IDENTIFIER = com.brior.us.TipulatorTests;
				PRODUCT_NAME = "$(TARGET_NAME)";
				SWIFT_VERSION = 5.0;
				TARGETED_DEVICE_FAMILY = "1,2";
				TEST_HOST = "$(BUILT_PRODUCTS_DIR)/Tipulator.app/Tipulator";
			};
			name = Release;
		};
		A25FAD122661334800FC9D74 /* Debug */ = {
			isa = XCBuildConfiguration;
			buildSettings = {
				ALWAYS_EMBED_SWIFT_STANDARD_LIBRARIES = YES;
				CODE_SIGN_STYLE = Automatic;
				DEVELOPMENT_TEAM = PQ99VWJBK3;
				INFOPLIST_FILE = TipulatorUITests/Info.plist;
				LD_RUNPATH_SEARCH_PATHS = (
					"$(inherited)",
					"@executable_path/Frameworks",
					"@loader_path/Frameworks",
				);
				PRODUCT_BUNDLE_IDENTIFIER = com.brior.us.TipulatorUITests;
				PRODUCT_NAME = "$(TARGET_NAME)";
				SWIFT_VERSION = 5.0;
				TARGETED_DEVICE_FAMILY = "1,2";
				TEST_TARGET_NAME = Tipulator;
			};
			name = Debug;
		};
		A25FAD132661334800FC9D74 /* Release */ = {
			isa = XCBuildConfiguration;
			buildSettings = {
				ALWAYS_EMBED_SWIFT_STANDARD_LIBRARIES = YES;
				CODE_SIGN_STYLE = Automatic;
				DEVELOPMENT_TEAM = PQ99VWJBK3;
				INFOPLIST_FILE = TipulatorUITests/Info.plist;
				LD_RUNPATH_SEARCH_PATHS = (
					"$(inherited)",
					"@executable_path/Frameworks",
					"@loader_path/Frameworks",
				);
				PRODUCT_BUNDLE_IDENTIFIER = com.brior.us.TipulatorUITests;
				PRODUCT_NAME = "$(TARGET_NAME)";
				SWIFT_VERSION = 5.0;
				TARGETED_DEVICE_FAMILY = "1,2";
				TEST_TARGET_NAME = Tipulator;
			};
			name = Release;
		};
/* End XCBuildConfiguration section */

/* Begin XCConfigurationList section */
		A25FACDC2661334700FC9D74 /* Build configuration list for PBXProject "Tipulator" */ = {
			isa = XCConfigurationList;
			buildConfigurations = (
				A25FAD092661334800FC9D74 /* Debug */,
				A25FAD0A2661334800FC9D74 /* Release */,
			);
			defaultConfigurationIsVisible = 0;
			defaultConfigurationName = Release;
		};
		A25FAD0B2661334800FC9D74 /* Build configuration list for PBXNativeTarget "Tipulator" */ = {
			isa = XCConfigurationList;
			buildConfigurations = (
				A25FAD0C2661334800FC9D74 /* Debug */,
				A25FAD0D2661334800FC9D74 /* Release */,
			);
			defaultConfigurationIsVisible = 0;
			defaultConfigurationName = Release;
		};
		A25FAD0E2661334800FC9D74 /* Build configuration list for PBXNativeTarget "TipulatorTests" */ = {
			isa = XCConfigurationList;
			buildConfigurations = (
				A25FAD0F2661334800FC9D74 /* Debug */,
				A25FAD102661334800FC9D74 /* Release */,
			);
			defaultConfigurationIsVisible = 0;
			defaultConfigurationName = Release;
		};
		A25FAD112661334800FC9D74 /* Build configuration list for PBXNativeTarget "TipulatorUITests" */ = {
			isa = XCConfigurationList;
			buildConfigurations = (
				A25FAD122661334800FC9D74 /* Debug */,
				A25FAD132661334800FC9D74 /* Release */,
			);
			defaultConfigurationIsVisible = 0;
			defaultConfigurationName = Release;
		};
/* End XCConfigurationList section */
	};
	rootObject = A25FACD92661334700FC9D74 /* Project object */;
}
